// !$*UTF8*$!
{
	archiveVersion = 1;
	classes = {
	};
	objectVersion = 50;
	objects = {

/* Begin PBXBuildFile section */
		A48088DA2163156B0030E9A5 /* AppDelegate.swift in Sources */ = {isa = PBXBuildFile; fileRef = A48088D92163156B0030E9A5 /* AppDelegate.swift */; };
		A48088DC2163156B0030E9A5 /* ViewController.swift in Sources */ = {isa = PBXBuildFile; fileRef = A48088DB2163156B0030E9A5 /* ViewController.swift */; };
		A48088DF2163156B0030E9A5 /* Main.storyboard in Resources */ = {isa = PBXBuildFile; fileRef = A48088DD2163156B0030E9A5 /* Main.storyboard */; };
		A48088E12163156C0030E9A5 /* Assets.xcassets in Resources */ = {isa = PBXBuildFile; fileRef = A48088E02163156C0030E9A5 /* Assets.xcassets */; };
		A48088E42163156C0030E9A5 /* LaunchScreen.storyboard in Resources */ = {isa = PBXBuildFile; fileRef = A48088E22163156C0030E9A5 /* LaunchScreen.storyboard */; };
		A48088EC2163191B0030E9A5 /* EnlargeViewController.swift in Sources */ = {isa = PBXBuildFile; fileRef = A48088EB2163191B0030E9A5 /* EnlargeViewController.swift */; };
		A48B37E0216455220004D884 /* IMG_1457.jpg in Resources */ = {isa = PBXBuildFile; fileRef = A48B37DB216455210004D884 /* IMG_1457.jpg */; };
		A48B37E1216455220004D884 /* IMG_1463.jpg in Resources */ = {isa = PBXBuildFile; fileRef = A48B37DC216455210004D884 /* IMG_1463.jpg */; };
		A48B37E2216455220004D884 /* IMG_1464.jpg in Resources */ = {isa = PBXBuildFile; fileRef = A48B37DD216455210004D884 /* IMG_1464.jpg */; };
		A48B37E3216455220004D884 /* IMG_1460.jpg in Resources */ = {isa = PBXBuildFile; fileRef = A48B37DE216455210004D884 /* IMG_1460.jpg */; };
		A48B37E4216455220004D884 /* IMG_1462.jpg in Resources */ = {isa = PBXBuildFile; fileRef = A48B37DF216455210004D884 /* IMG_1462.jpg */; };
/* End PBXBuildFile section */

/* Begin PBXFileReference section */
		A48088D62163156B0030E9A5 /* SlideshowApp.app */ = {isa = PBXFileReference; explicitFileType = wrapper.application; includeInIndex = 0; path = SlideshowApp.app; sourceTree = BUILT_PRODUCTS_DIR; };
		A48088D92163156B0030E9A5 /* AppDelegate.swift */ = {isa = PBXFileReference; lastKnownFileType = sourcecode.swift; path = AppDelegate.swift; sourceTree = "<group>"; };
		A48088DB2163156B0030E9A5 /* ViewController.swift */ = {isa = PBXFileReference; lastKnownFileType = sourcecode.swift; path = ViewController.swift; sourceTree = "<group>"; };
		A48088DE2163156B0030E9A5 /* Base */ = {isa = PBXFileReference; lastKnownFileType = file.storyboard; name = Base; path = Base.lproj/Main.storyboard; sourceTree = "<group>"; };
		A48088E02163156C0030E9A5 /* Assets.xcassets */ = {isa = PBXFileReference; lastKnownFileType = folder.assetcatalog; path = Assets.xcassets; sourceTree = "<group>"; };
		A48088E32163156C0030E9A5 /* Base */ = {isa = PBXFileReference; lastKnownFileType = file.storyboard; name = Base; path = Base.lproj/LaunchScreen.storyboard; sourceTree = "<group>"; };
		A48088E52163156C0030E9A5 /* Info.plist */ = {isa = PBXFileReference; lastKnownFileType = text.plist.xml; path = Info.plist; sourceTree = "<group>"; };
		A48088EB2163191B0030E9A5 /* EnlargeViewController.swift */ = {isa = PBXFileReference; lastKnownFileType = sourcecode.swift; path = EnlargeViewController.swift; sourceTree = "<group>"; };
		A48B37DB216455210004D884 /* IMG_1457.jpg */ = {isa = PBXFileReference; lastKnownFileType = image.jpeg; path = IMG_1457.jpg; sourceTree = "<group>"; };
		A48B37DC216455210004D884 /* IMG_1463.jpg */ = {isa = PBXFileReference; lastKnownFileType = image.jpeg; path = IMG_1463.jpg; sourceTree = "<group>"; };
		A48B37DD216455210004D884 /* IMG_1464.jpg */ = {isa = PBXFileReference; lastKnownFileType = image.jpeg; path = IMG_1464.jpg; sourceTree = "<group>"; };
		A48B37DE216455210004D884 /* IMG_1460.jpg */ = {isa = PBXFileReference; lastKnownFileType = image.jpeg; path = IMG_1460.jpg; sourceTree = "<group>"; };
		A48B37DF216455210004D884 /* IMG_1462.jpg */ = {isa = PBXFileReference; lastKnownFileType = image.jpeg; path = IMG_1462.jpg; sourceTree = "<group>"; };
/* End PBXFileReference section */

/* Begin PBXFrameworksBuildPhase section */
		A48088D32163156B0030E9A5 /* Frameworks */ = {
			isa = PBXFrameworksBuildPhase;
			buildActionMask = 2147483647;
			files = (
			);
			runOnlyForDeploymentPostprocessing = 0;
		};
/* End PBXFrameworksBuildPhase section */

/* Begin PBXGroup section */
		A48088CD2163156B0030E9A5 = {
			isa = PBXGroup;
			children = (
				A48088D82163156B0030E9A5 /* SlideshowApp */,
				A48088D72163156B0030E9A5 /* Products */,
			);
			sourceTree = "<group>";
		};
		A48088D72163156B0030E9A5 /* Products */ = {
			isa = PBXGroup;
			children = (
				A48088D62163156B0030E9A5 /* SlideshowApp.app */,
			);
			name = Products;
			sourceTree = "<group>";
		};
		A48088D82163156B0030E9A5 /* SlideshowApp */ = {
			isa = PBXGroup;
			children = (
				A48B37DB216455210004D884 /* IMG_1457.jpg */,
				A48B37DE216455210004D884 /* IMG_1460.jpg */,
				A48B37DF216455210004D884 /* IMG_1462.jpg */,
				A48B37DC216455210004D884 /* IMG_1463.jpg */,
				A48B37DD216455210004D884 /* IMG_1464.jpg */,
				A48088D92163156B0030E9A5 /* AppDelegate.swift */,
				A48088DB2163156B0030E9A5 /* ViewController.swift */,
				A48088DD2163156B0030E9A5 /* Main.storyboard */,
				A48088EB2163191B0030E9A5 /* EnlargeViewController.swift */,
				A48088E02163156C0030E9A5 /* Assets.xcassets */,
				A48088E22163156C0030E9A5 /* LaunchScreen.storyboard */,
				A48088E52163156C0030E9A5 /* Info.plist */,
			);
			path = SlideshowApp;
			sourceTree = "<group>";
		};
/* End PBXGroup section */

/* Begin PBXNativeTarget section */
		A48088D52163156B0030E9A5 /* SlideshowApp */ = {
			isa = PBXNativeTarget;
			buildConfigurationList = A48088E82163156C0030E9A5 /* Build configuration list for PBXNativeTarget "SlideshowApp" */;
			buildPhases = (
				A48088D22163156B0030E9A5 /* Sources */,
				A48088D32163156B0030E9A5 /* Frameworks */,
				A48088D42163156B0030E9A5 /* Resources */,
			);
			buildRules = (
			);
			dependencies = (
			);
			name = SlideshowApp;
			productName = SlideshowApp;
			productReference = A48088D62163156B0030E9A5 /* SlideshowApp.app */;
			productType = "com.apple.product-type.application";
		};
/* End PBXNativeTarget section */

/* Begin PBXProject section */
		A48088CE2163156B0030E9A5 /* Project object */ = {
			isa = PBXProject;
			attributes = {
				LastSwiftUpdateCheck = 0940;
				LastUpgradeCheck = 0940;
				ORGANIZATIONNAME = "藤田和磨";
				TargetAttributes = {
					A48088D52163156B0030E9A5 = {
						CreatedOnToolsVersion = 9.4.1;
					};
				};
			};
			buildConfigurationList = A48088D12163156B0030E9A5 /* Build configuration list for PBXProject "SlideshowApp" */;
			compatibilityVersion = "Xcode 9.3";
			developmentRegion = en;
			hasScannedForEncodings = 0;
			knownRegions = (
				en,
				Base,
			);
			mainGroup = A48088CD2163156B0030E9A5;
			productRefGroup = A48088D72163156B0030E9A5 /* Products */;
			projectDirPath = "";
			projectRoot = "";
			targets = (
				A48088D52163156B0030E9A5 /* SlideshowApp */,
			);
		};
/* End PBXProject section */

/* Begin PBXResourcesBuildPhase section */
		A48088D42163156B0030E9A5 /* Resources */ = {
			isa = PBXResourcesBuildPhase;
			buildActionMask = 2147483647;
			files = (
				A48B37E0216455220004D884 /* IMG_1457.jpg in Resources */,
				A48B37E1216455220004D884 /* IMG_1463.jpg in Resources */,
				A48B37E3216455220004D884 /* IMG_1460.jpg in Resources */,
				A48088E42163156C0030E9A5 /* LaunchScreen.storyboard in Resources */,
				A48B37E4216455220004D884 /* IMG_1462.jpg in Resources */,
				A48088E12163156C0030E9A5 /* Assets.xcassets in Resources */,
				A48B37E2216455220004D884 /* IMG_1464.jpg in Resources */,
				A48088DF2163156B0030E9A5 /* Main.storyboard in Resources */,
			);
			runOnlyForDeploymentPostprocessing = 0;
		};
/* End PBXResourcesBuildPhase section */

/* Begin PBXSourcesBuildPhase section */
		A48088D22163156B0030E9A5 /* Sources */ = {
			isa = PBXSourcesBuildPhase;
			buildActionMask = 2147483647;
			files = (
				A48088EC2163191B0030E9A5 /* EnlargeViewController.swift in Sources */,
				A48088DC2163156B0030E9A5 /* ViewController.swift in Sources */,
				A48088DA2163156B0030E9A5 /* AppDelegate.swift in Sources */,
			);
			runOnlyForDeploymentPostprocessing = 0;
		};
/* End PBXSourcesBuildPhase section */

/* Begin PBXVariantGroup section */
		A48088DD2163156B0030E9A5 /* Main.storyboard */ = {
			isa = PBXVariantGroup;
			children = (
				A48088DE2163156B0030E9A5 /* Base */,
			);
			name = Main.storyboard;
			sourceTree = "<group>";
		};
		A48088E22163156C0030E9A5 /* LaunchScreen.storyboard */ = {
			isa = PBXVariantGroup;
			children = (
				A48088E32163156C0030E9A5 /* Base */,
			);
			name = LaunchScreen.storyboard;
			sourceTree = "<group>";
		};
/* End PBXVariantGroup section */

/* Begin XCBuildConfiguration section */
		A48088E62163156C0030E9A5 /* Debug */ = {
			isa = XCBuildConfiguration;
			buildSettings = {
				ALWAYS_SEARCH_USER_PATHS = NO;
				CLANG_ANALYZER_NONNULL = YES;
				CLANG_ANALYZER_NUMBER_OBJECT_CONVERSION = YES_AGGRESSIVE;
				CLANG_CXX_LANGUAGE_STANDARD = "gnu++14";
				CLANG_CXX_LIBRARY = "libc++";
				CLANG_ENABLE_MODULES = YES;
				CLANG_ENABLE_OBJC_ARC = YES;
				CLANG_ENABLE_OBJC_WEAK = YES;
				CLANG_WARN_BLOCK_CAPTURE_AUTORELEASING = YES;
				CLANG_WARN_BOOL_CONVERSION = YES;
				CLANG_WARN_COMMA = YES;
				CLANG_WARN_CONSTANT_CONVERSION = YES;
				CLANG_WARN_DEPRECATED_OBJC_IMPLEMENTATIONS = YES;
				CLANG_WARN_DIRECT_OBJC_ISA_USAGE = YES_ERROR;
				CLANG_WARN_DOCUMENTATION_COMMENTS = YES;
				CLANG_WARN_EMPTY_BODY = YES;
				CLANG_WARN_ENUM_CONVERSION = YES;
				CLANG_WARN_INFINITE_RECURSION = YES;
				CLANG_WARN_INT_CONVERSION = YES;
				CLANG_WARN_NON_LITERAL_NULL_CONVERSION = YES;
				CLANG_WARN_OBJC_IMPLICIT_RETAIN_SELF = YES;
				CLANG_WARN_OBJC_LITERAL_CONVERSION = YES;
				CLANG_WARN_OBJC_ROOT_CLASS = YES_ERROR;
				CLANG_WARN_RANGE_LOOP_ANALYSIS = YES;
				CLANG_WARN_STRICT_PROTOTYPES = YES;
				CLANG_WARN_SUSPICIOUS_MOVE = YES;
				CLANG_WARN_UNGUARDED_AVAILABILITY = YES_AGGRESSIVE;
				CLANG_WARN_UNREACHABLE_CODE = YES;
				CLANG_WARN__DUPLICATE_METHOD_MATCH = YES;
				CODE_SIGN_IDENTITY = "iPhone Developer";
				COPY_PHASE_STRIP = NO;
				DEBUG_INFORMATION_FORMAT = dwarf;
				ENABLE_STRICT_OBJC_MSGSEND = YES;
				ENABLE_TESTABILITY = YES;
				GCC_C_LANGUAGE_STANDARD = gnu11;
				GCC_DYNAMIC_NO_PIC = NO;
				GCC_NO_COMMON_BLOCKS = YES;
				GCC_OPTIMIZATION_LEVEL = 0;
				GCC_PREPROCESSOR_DEFINITIONS = (
					"DEBUG=1",
					"$(inherited)",
				);
				GCC_WARN_64_TO_32_BIT_CONVERSION = YES;
				GCC_WARN_ABOUT_RETURN_TYPE = YES_ERROR;
				GCC_WARN_UNDECLARED_SELECTOR = YES;
				GCC_WARN_UNINITIALIZED_AUTOS = YES_AGGRESSIVE;
				GCC_WARN_UNUSED_FUNCTION = YES;
				GCC_WARN_UNUSED_VARIABLE = YES;
				IPHONEOS_DEPLOYMENT_TARGET = 11.4;
				MTL_ENABLE_DEBUG_INFO = YES;
				ONLY_ACTIVE_ARCH = YES;
				SDKROOT = iphoneos;
				SWIFT_ACTIVE_COMPILATION_CONDITIONS = DEBUG;
				SWIFT_OPTIMIZATION_LEVEL = "-Onone";
			};
			name = Debug;
		};
		A48088E72163156C0030E9A5 /* Release */ = {
			isa = XCBuildConfiguration;
			buildSettings = {
				ALWAYS_SEARCH_USER_PATHS = NO;
				CLANG_ANALYZER_NONNULL = YES;
				CLANG_ANALYZER_NUMBER_OBJECT_CONVERSION = YES_AGGRESSIVE;
				CLANG_CXX_LANGUAGE_STANDARD = "gnu++14";
				CLANG_CXX_LIBRARY = "libc++";
				CLANG_ENABLE_MODULES = YES;
				CLANG_ENABLE_OBJC_ARC = YES;
				CLANG_ENABLE_OBJC_WEAK = YES;
				CLANG_WARN_BLOCK_CAPTURE_AUTORELEASING = YES;
				CLANG_WARN_BOOL_CONVERSION = YES;
				CLANG_WARN_COMMA = YES;
				CLANG_WARN_CONSTANT_CONVERSION = YES;
				CLANG_WARN_DEPRECATED_OBJC_IMPLEMENTATIONS = YES;
				CLANG_WARN_DIRECT_OBJC_ISA_USAGE = YES_ERROR;
				CLANG_WARN_DOCUMENTATION_COMMENTS = YES;
				CLANG_WARN_EMPTY_BODY = YES;
				CLANG_WARN_ENUM_CONVERSION = YES;
				CLANG_WARN_INFINITE_RECURSION = YES;
				CLANG_WARN_INT_CONVERSION = YES;
				CLANG_WARN_NON_LITERAL_NULL_CONVERSION = YES;
				CLANG_WARN_OBJC_IMPLICIT_RETAIN_SELF = YES;
				CLANG_WARN_OBJC_LITERAL_CONVERSION = YES;
				CLANG_WARN_OBJC_ROOT_CLASS = YES_ERROR;
				CLANG_WARN_RANGE_LOOP_ANALYSIS = YES;
				CLANG_WARN_STRICT_PROTOTYPES = YES;
				CLANG_WARN_SUSPICIOUS_MOVE = YES;
				CLANG_WARN_UNGUARDED_AVAILABILITY = YES_AGGRESSIVE;
				CLANG_WARN_UNREACHABLE_CODE = YES;
				CLANG_WARN__DUPLICATE_METHOD_MATCH = YES;
				CODE_SIGN_IDENTITY = "iPhone Developer";
				COPY_PHASE_STRIP = NO;
				DEBUG_INFORMATION_FORMAT = "dwarf-with-dsym";
				ENABLE_NS_ASSERTIONS = NO;
				ENABLE_STRICT_OBJC_MSGSEND = YES;
				GCC_C_LANGUAGE_STANDARD = gnu11;
				GCC_NO_COMMON_BLOCKS = YES;
				GCC_WARN_64_TO_32_BIT_CONVERSION = YES;
				GCC_WARN_ABOUT_RETURN_TYPE = YES_ERROR;
				GCC_WARN_UNDECLARED_SELECTOR = YES;
				GCC_WARN_UNINITIALIZED_AUTOS = YES_AGGRESSIVE;
				GCC_WARN_UNUSED_FUNCTION = YES;
				GCC_WARN_UNUSED_VARIABLE = YES;
				IPHONEOS_DEPLOYMENT_TARGET = 11.4;
				MTL_ENABLE_DEBUG_INFO = NO;
				SDKROOT = iphoneos;
				SWIFT_COMPILATION_MODE = wholemodule;
				SWIFT_OPTIMIZATION_LEVEL = "-O";
				VALIDATE_PRODUCT = YES;
			};
			name = Release;
		};
		A48088E92163156C0030E9A5 /* Debug */ = {
			isa = XCBuildConfiguration;
			buildSettings = {
				ASSETCATALOG_COMPILER_APPICON_NAME = AppIcon;
				CODE_SIGN_STYLE = Automatic;
				DEVELOPMENT_TEAM = WK7LW3JQ6K;
				INFOPLIST_FILE = SlideshowApp/Info.plist;
				LD_RUNPATH_SEARCH_PATHS = (
					"$(inherited)",
					"@executable_path/Frameworks",
				);
				PRODUCT_BUNDLE_IDENTIFIER = jp.techacademy.kazuma.fujita.SlideshowApp;
				PRODUCT_NAME = "$(TARGET_NAME)";
				SWIFT_VERSION = 4.0;
				TARGETED_DEVICE_FAMILY = "1,2";
			};
			name = Debug;
		};
		A48088EA2163156C0030E9A5 /* Release */ = {
			isa = XCBuildConfiguration;
			buildSettings = {
				ASSETCATALOG_COMPILER_APPICON_NAME = AppIcon;
				CODE_SIGN_STYLE = Automatic;
				DEVELOPMENT_TEAM = WK7LW3JQ6K;
				INFOPLIST_FILE = SlideshowApp/Info.plist;
				LD_RUNPATH_SEARCH_PATHS = (
					"$(inherited)",
					"@executable_path/Frameworks",
				);
				PRODUCT_BUNDLE_IDENTIFIER = jp.techacademy.kazuma.fujita.SlideshowApp;
				PRODUCT_NAME = "$(TARGET_NAME)";
				SWIFT_VERSION = 4.0;
				TARGETED_DEVICE_FAMILY = "1,2";
			};
			name = Release;
		};
/* End XCBuildConfiguration section */

/* Begin XCConfigurationList section */
		A48088D12163156B0030E9A5 /* Build configuration list for PBXProject "SlideshowApp" */ = {
			isa = XCConfigurationList;
			buildConfigurations = (
				A48088E62163156C0030E9A5 /* Debug */,
				A48088E72163156C0030E9A5 /* Release */,
			);
			defaultConfigurationIsVisible = 0;
			defaultConfigurationName = Release;
		};
		A48088E82163156C0030E9A5 /* Build configuration list for PBXNativeTarget "SlideshowApp" */ = {
			isa = XCConfigurationList;
			buildConfigurations = (
				A48088E92163156C0030E9A5 /* Debug */,
				A48088EA2163156C0030E9A5 /* Release */,
			);
			defaultConfigurationIsVisible = 0;
			defaultConfigurationName = Release;
		};
/* End XCConfigurationList section */
	};
	rootObject = A48088CE2163156B0030E9A5 /* Project object */;
}
